{
  "name": "material-mean-boilerplate-front-end-lib",
  "version": "1.0.0",
  "lockfileVersion": 1,
  "requires": true,
  "dependencies": {
    "@uirouter/angularjs": {
      "version": "1.0.19",
      "resolved": "https://registry.npmjs.org/@uirouter/angularjs/-/angularjs-1.0.19.tgz",
      "integrity": "sha512-O+M3CB4en9OPMKqSrMC6hZsuMbtttYpGlALZoqAYqUmqdw1CJ5WBnuj7s/40svhZG338SfqxXN/Y2uKh5x+gPQ==",
      "requires": {
        "@uirouter/core": "5.0.20"
      }
    },
    "@uirouter/core": {
      "version": "5.0.20",
      "resolved": "https://registry.npmjs.org/@uirouter/core/-/core-5.0.20.tgz",
      "integrity": "sha512-7MwtORbMF0UFCgMb+KcBAx+7EsYn/6sP5mEAjLNQq14AkHOJom5pPRE0N3nxduFbK3V2TXfsOX2UjtbkuXql+A=="
    },
    "angular": {
      "version": "1.5.5",
      "resolved": "https://registry.npmjs.org/angular/-/angular-1.5.5.tgz",
      "integrity": "sha1-Z4/f0cnEc2jdICx/yLs71NuhfBg="
    },
    "angular-animate": {
      "version": "1.5.5",
      "resolved": "https://registry.npmjs.org/angular-animate/-/angular-animate-1.5.5.tgz",
      "integrity": "sha1-ZkG6UX03uBWFeNmReOHppr7Rm3U="
    },
    "angular-aria": {
      "version": "1.5.5",
      "resolved": "https://registry.npmjs.org/angular-aria/-/angular-aria-1.5.5.tgz",
      "integrity": "sha1-LLTPlCY3K23SDzoZX0FXqurVcf8="
    },
    "angular-jwt": {
      "version": "0.1.10",
      "resolved": "https://registry.npmjs.org/angular-jwt/-/angular-jwt-0.1.10.tgz",
      "integrity": "sha512-o+V/OzwNGpS30QmgP7DJWTdBJ2BMDut481qqB72sM0L59dkO6TNjRV7qubQCntGqGe98h9vObweQUVYTfEO4vg=="
    },
    "angular-material": {
      "version": "1.1.0",
      "resolved": "https://registry.npmjs.org/angular-material/-/angular-material-1.1.0.tgz",
      "integrity": "sha1-CQYu1k5vJX9i8ZSwagbIuV/LK2U="
    },
    "angular-messages": {
      "version": "1.5.5",
      "resolved": "https://registry.npmjs.org/angular-messages/-/angular-messages-1.5.5.tgz",
      "integrity": "sha1-KhJtNOkFgMRSEq600EFSFHdx5q8="
    },
    "angular-resource": {
      "version": "1.5.5",
      "resolved": "https://registry.npmjs.org/angular-resource/-/angular-resource-1.5.5.tgz",
      "integrity": "sha1-7NzTDNVEQRlDYGzLhC/93fTtdpI="
    },
    "angular-route": {
      "version": "1.5.5",
      "resolved": "https://registry.npmjs.org/angular-route/-/angular-route-1.5.5.tgz",
      "integrity": "sha1-aTSTaSCbHzRySlgUXcfsakmHoec="
    },
    "sails.io.js": {
      "version": "1.2.1",
      "resolved": "https://registry.npmjs.org/sails.io.js/-/sails.io.js-1.2.1.tgz",
      "integrity": "sha512-Dd53Q4G8RRo3wZW7nSf49F88Y83qG/fkDSB7z7qb3qBd2vXiNodOAAv+tjKJuUsZ3osWIrlpaIxQUYMC4eR+cg=="
    },
    "satellizer": {
      "version": "0.15.5",
      "resolved": "https://registry.npmjs.org/satellizer/-/satellizer-0.15.5.tgz",
      "integrity": "sha1-Q8k9LTYcS2ts+dBtI7iIEwK1V6Q="
    }
  }
}
